
Microsoft Visual Studio Solution File, Format Version 12.00
# Visual Studio Version 17
VisualStudioVersion = 17.4.33205.214
MinimumVisualStudioVersion = 10.0.40219.1
Project("{FAE04EC0-301F-11D3-BF4B-00C04F79EFBC}") = "mastermind-simple", "mastermind-simple.csproj", "{989B721F-3EB0-44EB-A209-6DB24C5AAAD4}"
EndProject
Global
	GlobalSection(SolutionConfigurationPlatforms) = preSolution
		Debug|Any CPU = Debug|Any CPU
		Release|Any CPU = Release|Any CPU
	EndGlobalSection
	GlobalSection(ProjectConfigurationPlatforms) = postSolution
		{989B721F-3EB0-44EB-A209-6DB24C5AAAD4}.Debug|Any CPU.ActiveCfg = Debug|Any CPU
		{989B721F-3EB0-44EB-A209-6DB24C5AAAD4}.Debug|Any CPU.Build.0 = Debug|Any CPU
		{989B721F-3EB0-44EB-A209-6DB24C5AAAD4}.Release|Any CPU.ActiveCfg = Release|Any CPU
		{989B721F-3EB0-44EB-A209-6DB24C5AAAD4}.Release|Any CPU.Build.0 = Release|Any CPU
	EndGlobalSection
	GlobalSection(SolutionProperties) = preSolution
		HideSolutionNode = FALSE
	EndGlobalSection
	GlobalSection(ExtensibilityGlobals) = postSolution
		SolutionGuid = {FD1B1E17-A0D3-4FF7-98B1-17229D249764}
	EndGlobalSection
EndGlobal
